
Microsoft Visual Studio Solution File, Format Version 12.00
# Visual Studio Version 17
VisualStudioVersion = 17.3.32901.215
MinimumVisualStudioVersion = 10.0.40219.1
Project("{8BC9CEB8-8B4A-11D0-8D11-00A0C91BC942}") = "ms1", "ms1.vcxproj", "{AE14E7A0-E139-4A2A-B921-ABEDCF693F4F}"
EndProject
Global
	GlobalSection(SolutionConfigurationPlatforms) = preSolution
		Debug|x64 = Debug|x64
		Debug|x86 = Debug|x86
		Release|x64 = Release|x64
		Release|x86 = Release|x86
	EndGlobalSection
	GlobalSection(ProjectConfigurationPlatforms) = postSolution
		{AE14E7A0-E139-4A2A-B921-ABEDCF693F4F}.Debug|x64.ActiveCfg = Debug|x64
		{AE14E7A0-E139-4A2A-B921-ABEDCF693F4F}.Debug|x64.Build.0 = Debug|x64
		{AE14E7A0-E139-4A2A-B921-ABEDCF693F4F}.Debug|x86.ActiveCfg = Debug|Win32
		{AE14E7A0-E139-4A2A-B921-ABEDCF693F4F}.Debug|x86.Build.0 = Debug|Win32
		{AE14E7A0-E139-4A2A-B921-ABEDCF693F4F}.Release|x64.ActiveCfg = Release|x64
		{AE14E7A0-E139-4A2A-B921-ABEDCF693F4F}.Release|x64.Build.0 = Release|x64
		{AE14E7A0-E139-4A2A-B921-ABEDCF693F4F}.Release|x86.ActiveCfg = Release|Win32
		{AE14E7A0-E139-4A2A-B921-ABEDCF693F4F}.Release|x86.Build.0 = Release|Win32
	EndGlobalSection
	GlobalSection(SolutionProperties) = preSolution
		HideSolutionNode = FALSE
	EndGlobalSection
	GlobalSection(ExtensibilityGlobals) = postSolution
		SolutionGuid = {3518A761-A82A-429A-90DB-FD9513A42596}
	EndGlobalSection
EndGlobal
